
Microsoft Visual Studio Solution File, Format Version 12.00
# Visual Studio Version 16
VisualStudioVersion = 16.0.31019.35
MinimumVisualStudioVersion = 10.0.40219.1
Project("{FAE04EC0-301F-11D3-BF4B-00C04F79EFBC}") = "BackupCreator", "BackupCreator\BackupCreator.csproj", "{E6A07272-7733-48B7-BAB4-C1662E56CCD3}"
EndProject
Global
	GlobalSection(SolutionConfigurationPlatforms) = preSolution
		Debug|Any CPU = Debug|Any CPU
		Release|Any CPU = Release|Any CPU
	EndGlobalSection
	GlobalSection(ProjectConfigurationPlatforms) = postSolution
		{E6A07272-7733-48B7-BAB4-C1662E56CCD3}.Debug|Any CPU.ActiveCfg = Debug|Any CPU
		{E6A07272-7733-48B7-BAB4-C1662E56CCD3}.Debug|Any CPU.Build.0 = Debug|Any CPU
		{E6A07272-7733-48B7-BAB4-C1662E56CCD3}.Release|Any CPU.ActiveCfg = Release|Any CPU
		{E6A07272-7733-48B7-BAB4-C1662E56CCD3}.Release|Any CPU.Build.0 = Release|Any CPU
	EndGlobalSection
	GlobalSection(SolutionProperties) = preSolution
		HideSolutionNode = FALSE
	EndGlobalSection
	GlobalSection(ExtensibilityGlobals) = postSolution
		SolutionGuid = {F568F999-61E5-470C-A511-BF64F01FFFDA}
	EndGlobalSection
EndGlobal
